
Microsoft Visual Studio Solution File, Format Version 12.00
# Visual Studio 15
VisualStudioVersion = 15.0.27703.2035
MinimumVisualStudioVersion = 10.0.40219.1
Project("{8BC9CEB8-8B4A-11D0-8D11-00A0C91BC942}") = "QuizmaHeros102", "QuizmaHeros102.vcxproj", "{EBD9E5BF-EF90-4CDE-8A3F-AE1CB0BBE36C}"
EndProject
Global
	GlobalSection(SolutionConfigurationPlatforms) = preSolution
		Debug|x64 = Debug|x64
		Debug|x86 = Debug|x86
		Release|x64 = Release|x64
		Release|x86 = Release|x86
	EndGlobalSection
	GlobalSection(ProjectConfigurationPlatforms) = postSolution
		{EBD9E5BF-EF90-4CDE-8A3F-AE1CB0BBE36C}.Debug|x64.ActiveCfg = Debug|x64
		{EBD9E5BF-EF90-4CDE-8A3F-AE1CB0BBE36C}.Debug|x64.Build.0 = Debug|x64
		{EBD9E5BF-EF90-4CDE-8A3F-AE1CB0BBE36C}.Debug|x86.ActiveCfg = Debug|Win32
		{EBD9E5BF-EF90-4CDE-8A3F-AE1CB0BBE36C}.Debug|x86.Build.0 = Debug|Win32
		{EBD9E5BF-EF90-4CDE-8A3F-AE1CB0BBE36C}.Release|x64.ActiveCfg = Release|x64
		{EBD9E5BF-EF90-4CDE-8A3F-AE1CB0BBE36C}.Release|x64.Build.0 = Release|x64
		{EBD9E5BF-EF90-4CDE-8A3F-AE1CB0BBE36C}.Release|x86.ActiveCfg = Release|Win32
		{EBD9E5BF-EF90-4CDE-8A3F-AE1CB0BBE36C}.Release|x86.Build.0 = Release|Win32
	EndGlobalSection
	GlobalSection(SolutionProperties) = preSolution
		HideSolutionNode = FALSE
	EndGlobalSection
	GlobalSection(ExtensibilityGlobals) = postSolution
		SolutionGuid = {CFDAC3B8-BFAD-4320-8ACE-FE3BA793AE12}
	EndGlobalSection
EndGlobal
